{
  "name": "shared-context",
  "version": "1.1.0",
  "lockfileVersion": 1,
  "requires": true,
  "dependencies": {
    "@types/node": {
      "version": "14.17.19",
      "resolved": "https://registry.npmjs.org/@types/node/-/node-14.17.19.tgz",
      "integrity": "sha512-jjYI6NkyfXykucU6ELEoT64QyKOdvaA6enOqKtP4xUsGY0X0ZUZz29fUmrTRo+7v7c6TgDu82q3GHHaCEkqZwA==",
      "dev": true
    },
    "proxy-compare": {
      "version": "2.0.2",
      "resolved": "https://registry.npmjs.org/proxy-compare/-/proxy-compare-2.0.2.tgz",
      "integrity": "sha512-3qUXJBariEj3eO90M3Rgqq3+/P5Efl0t/dl9g/1uVzIQmO3M+ql4hvNH3mYdu8H+1zcKv07YvL55tsY74jmH1A=="
    },
    "typescript": {
      "version": "4.4.3",
      "resolved": "https://registry.npmjs.org/typescript/-/typescript-4.4.3.tgz",
      "integrity": "sha512-4xfscpisVgqqDfPaJo5vkd+Qd/ItkoagnHpufr+i2QCHBsNYp+G7UAoyFl8aPtx879u38wPV65rZ8qbGZijalA==",
      "dev": true
    },
    "valtio": {
      "version": "1.2.3",
      "resolved": "https://registry.npmjs.org/valtio/-/valtio-1.2.3.tgz",
      "integrity": "sha512-ci74EjmFwSoF4jLugz3I0BmSAK9S0+splzikIDdKuixPBkAFt+ez4KNKLiS6kihGe6L0vTyEgm/oDutXrPlKpA==",
      "requires": {
        "proxy-compare": "2.0.2"
      }
    }
  }
}
